
Microsoft Visual Studio Solution File, Format Version 12.00
# Visual Studio Version 17
VisualStudioVersion = 17.10.35013.160
MinimumVisualStudioVersion = 10.0.40219.1
Project("{FAE04EC0-301F-11D3-BF4B-00C04F79EFBC}") = "ManagementSystem.Common", "ManagementSystem.Common\ManagementSystem.Common.csproj", "{A53B1494-2168-4B9B-B15C-F54B6847EEDF}"
EndProject
Project("{FAE04EC0-301F-11D3-BF4B-00C04F79EFBC}") = "ManagementSystem.Extensions", "ManagementSystem.Extensions\ManagementSystem.Extensions.csproj", "{DE002CB0-E6AD-4215-92B3-EA68C1220D7A}"
EndProject
Project("{FAE04EC0-301F-11D3-BF4B-00C04F79EFBC}") = "ManagementSystem.IServices", "ManagementSystem.IServices\ManagementSystem.IServices.csproj", "{B9A07614-467E-47F0-BBF5-568503E4242B}"
EndProject
Project("{FAE04EC0-301F-11D3-BF4B-00C04F79EFBC}") = "ManagementSystem.Services", "ManagementSystem.Services\ManagementSystem.Services.csproj", "{885CDBD5-71D2-40E0-9935-C4B9DFF98DF3}"
EndProject
Project("{FAE04EC0-301F-11D3-BF4B-00C04F79EFBC}") = "ManagementSystem.Repository", "ManagementSystem.Repository\ManagementSystem.Repository.csproj", "{65DAE8CA-5CAA-41D2-BB8A-401DE808E028}"
EndProject
Project("{FAE04EC0-301F-11D3-BF4B-00C04F79EFBC}") = "ManagementSystem.Model", "ManagementSystem.Model\ManagementSystem.Model.csproj", "{68A3E92F-7F57-4F2D-8AA0-21F1C2EA48AD}"
EndProject
Project("{2150E333-8FDC-42A3-9474-1A3956D46DE8}") = "解决方案项", "解决方案项", "{709DEADE-F071-4CBA-9167-EC51348FBA17}"
	ProjectSection(SolutionItems) = preProject
		Directory.Packages.props = Directory.Packages.props
	EndProjectSection
EndProject
Project("{FAE04EC0-301F-11D3-BF4B-00C04F79EFBC}") = "ManagementSystem.Web", "ManagementSystem.Web\ManagementSystem.Web.csproj", "{570B0C7D-05E6-4024-AFB2-851B9D64BB96}"
EndProject
Global
	GlobalSection(SolutionConfigurationPlatforms) = preSolution
		Debug|Any CPU = Debug|Any CPU
		Release|Any CPU = Release|Any CPU
	EndGlobalSection
	GlobalSection(ProjectConfigurationPlatforms) = postSolution
		{A53B1494-2168-4B9B-B15C-F54B6847EEDF}.Debug|Any CPU.ActiveCfg = Debug|Any CPU
		{A53B1494-2168-4B9B-B15C-F54B6847EEDF}.Debug|Any CPU.Build.0 = Debug|Any CPU
		{A53B1494-2168-4B9B-B15C-F54B6847EEDF}.Release|Any CPU.ActiveCfg = Release|Any CPU
		{A53B1494-2168-4B9B-B15C-F54B6847EEDF}.Release|Any CPU.Build.0 = Release|Any CPU
		{DE002CB0-E6AD-4215-92B3-EA68C1220D7A}.Debug|Any CPU.ActiveCfg = Debug|Any CPU
		{DE002CB0-E6AD-4215-92B3-EA68C1220D7A}.Debug|Any CPU.Build.0 = Debug|Any CPU
		{DE002CB0-E6AD-4215-92B3-EA68C1220D7A}.Release|Any CPU.ActiveCfg = Release|Any CPU
		{DE002CB0-E6AD-4215-92B3-EA68C1220D7A}.Release|Any CPU.Build.0 = Release|Any CPU
		{B9A07614-467E-47F0-BBF5-568503E4242B}.Debug|Any CPU.ActiveCfg = Debug|Any CPU
		{B9A07614-467E-47F0-BBF5-568503E4242B}.Debug|Any CPU.Build.0 = Debug|Any CPU
		{B9A07614-467E-47F0-BBF5-568503E4242B}.Release|Any CPU.ActiveCfg = Release|Any CPU
		{B9A07614-467E-47F0-BBF5-568503E4242B}.Release|Any CPU.Build.0 = Release|Any CPU
		{885CDBD5-71D2-40E0-9935-C4B9DFF98DF3}.Debug|Any CPU.ActiveCfg = Debug|Any CPU
		{885CDBD5-71D2-40E0-9935-C4B9DFF98DF3}.Debug|Any CPU.Build.0 = Debug|Any CPU
		{885CDBD5-71D2-40E0-9935-C4B9DFF98DF3}.Release|Any CPU.ActiveCfg = Release|Any CPU
		{885CDBD5-71D2-40E0-9935-C4B9DFF98DF3}.Release|Any CPU.Build.0 = Release|Any CPU
		{65DAE8CA-5CAA-41D2-BB8A-401DE808E028}.Debug|Any CPU.ActiveCfg = Debug|Any CPU
		{65DAE8CA-5CAA-41D2-BB8A-401DE808E028}.Debug|Any CPU.Build.0 = Debug|Any CPU
		{65DAE8CA-5CAA-41D2-BB8A-401DE808E028}.Release|Any CPU.ActiveCfg = Release|Any CPU
		{65DAE8CA-5CAA-41D2-BB8A-401DE808E028}.Release|Any CPU.Build.0 = Release|Any CPU
		{68A3E92F-7F57-4F2D-8AA0-21F1C2EA48AD}.Debug|Any CPU.ActiveCfg = Debug|Any CPU
		{68A3E92F-7F57-4F2D-8AA0-21F1C2EA48AD}.Debug|Any CPU.Build.0 = Debug|Any CPU
		{68A3E92F-7F57-4F2D-8AA0-21F1C2EA48AD}.Release|Any CPU.ActiveCfg = Release|Any CPU
		{68A3E92F-7F57-4F2D-8AA0-21F1C2EA48AD}.Release|Any CPU.Build.0 = Release|Any CPU
		{570B0C7D-05E6-4024-AFB2-851B9D64BB96}.Debug|Any CPU.ActiveCfg = Debug|Any CPU
		{570B0C7D-05E6-4024-AFB2-851B9D64BB96}.Debug|Any CPU.Build.0 = Debug|Any CPU
		{570B0C7D-05E6-4024-AFB2-851B9D64BB96}.Release|Any CPU.ActiveCfg = Release|Any CPU
		{570B0C7D-05E6-4024-AFB2-851B9D64BB96}.Release|Any CPU.Build.0 = Release|Any CPU
	EndGlobalSection
	GlobalSection(SolutionProperties) = preSolution
		HideSolutionNode = FALSE
	EndGlobalSection
	GlobalSection(ExtensibilityGlobals) = postSolution
		SolutionGuid = {528C88FB-18ED-4E7A-AABC-4D37BEB26F7C}
	EndGlobalSection
EndGlobal
